
Microsoft Visual Studio Solution File, Format Version 12.00
# Visual Studio Version 17
VisualStudioVersion = 17.14.37203.1 d17.14
MinimumVisualStudioVersion = 10.0.40219.1
Project("{FAE04EC0-301F-11D3-BF4B-00C04F79EFBC}") = "SaveImage", "SaveImage.csproj", "{90312005-ADB8-47AA-8E9E-C192D389EC42}"
EndProject
Global
	GlobalSection(SolutionConfigurationPlatforms) = preSolution
		Debug|Any CPU = Debug|Any CPU
		Release|Any CPU = Release|Any CPU
	EndGlobalSection
	GlobalSection(ProjectConfigurationPlatforms) = postSolution
		{90312005-ADB8-47AA-8E9E-C192D389EC42}.Debug|Any CPU.ActiveCfg = Debug|Any CPU
		{90312005-ADB8-47AA-8E9E-C192D389EC42}.Debug|Any CPU.Build.0 = Debug|Any CPU
		{90312005-ADB8-47AA-8E9E-C192D389EC42}.Release|Any CPU.ActiveCfg = Release|Any CPU
		{90312005-ADB8-47AA-8E9E-C192D389EC42}.Release|Any CPU.Build.0 = Release|Any CPU
	EndGlobalSection
	GlobalSection(SolutionProperties) = preSolution
		HideSolutionNode = FALSE
	EndGlobalSection
	GlobalSection(ExtensibilityGlobals) = postSolution
		SolutionGuid = {CA20EBDC-D6CD-40DD-866D-FE23206A600C}
	EndGlobalSection
EndGlobal
